
Microsoft Visual Studio Solution File, Format Version 12.00
# Visual Studio 15
VisualStudioVersion = 15.0.28010.2041
MinimumVisualStudioVersion = 10.0.40219.1
Project("{FAE04EC0-301F-11D3-BF4B-00C04F79EFBC}") = "nesne takibi 3x3 led yakma canlı görüntü", "nesne takibi 3x3 led yakma canlı görüntü\nesne takibi 3x3 led yakma canlı görüntü.csproj", "{AA9F2A23-91E8-4B7E-B3CF-815B827583E4}"
EndProject
Global
	GlobalSection(SolutionConfigurationPlatforms) = preSolution
		Debug|Any CPU = Debug|Any CPU
		Release|Any CPU = Release|Any CPU
	EndGlobalSection
	GlobalSection(ProjectConfigurationPlatforms) = postSolution
		{AA9F2A23-91E8-4B7E-B3CF-815B827583E4}.Debug|Any CPU.ActiveCfg = Debug|Any CPU
		{AA9F2A23-91E8-4B7E-B3CF-815B827583E4}.Debug|Any CPU.Build.0 = Debug|Any CPU
		{AA9F2A23-91E8-4B7E-B3CF-815B827583E4}.Release|Any CPU.ActiveCfg = Release|Any CPU
		{AA9F2A23-91E8-4B7E-B3CF-815B827583E4}.Release|Any CPU.Build.0 = Release|Any CPU
	EndGlobalSection
	GlobalSection(SolutionProperties) = preSolution
		HideSolutionNode = FALSE
	EndGlobalSection
	GlobalSection(ExtensibilityGlobals) = postSolution
		SolutionGuid = {D5D66C80-080F-484A-830E-953D9DCF6804}
	EndGlobalSection
EndGlobal
